
Microsoft Visual Studio Solution File, Format Version 12.00
# Visual Studio Version 16
VisualStudioVersion = 16.0.29926.136
MinimumVisualStudioVersion = 10.0.40219.1
Project("{9A19103F-16F7-4668-BE54-9A1E7A4F7556}") = "MilitaryApp.Domain", "MilitaryApp.Domain\MilitaryApp.Domain.csproj", "{F5FBBE9E-D449-4BC3-BC5C-D25B6233B372}"
EndProject
Project("{9A19103F-16F7-4668-BE54-9A1E7A4F7556}") = "MilitaryApp.Data", "MilitaryApp.Data\MilitaryApp.Data.csproj", "{550733D0-DA3D-4457-8323-914E002BED79}"
EndProject
Project("{FAE04EC0-301F-11D3-BF4B-00C04F79EFBC}") = "ConsoleApp", "ConsoleApp\ConsoleApp.csproj", "{B1436D3A-B227-416F-B9C7-540F3CF06846}"
EndProject
Project("{FAE04EC0-301F-11D3-BF4B-00C04F79EFBC}") = "MilitaryApp.ReverseEnggData", "MilitaryApp.ReverseEnggData\MilitaryApp.ReverseEnggData.csproj", "{BAD5A945-4419-434C-99E8-03349E62778D}"
EndProject
Global
	GlobalSection(SolutionConfigurationPlatforms) = preSolution
		Debug|Any CPU = Debug|Any CPU
		Release|Any CPU = Release|Any CPU
	EndGlobalSection
	GlobalSection(ProjectConfigurationPlatforms) = postSolution
		{F5FBBE9E-D449-4BC3-BC5C-D25B6233B372}.Debug|Any CPU.ActiveCfg = Debug|Any CPU
		{F5FBBE9E-D449-4BC3-BC5C-D25B6233B372}.Debug|Any CPU.Build.0 = Debug|Any CPU
		{F5FBBE9E-D449-4BC3-BC5C-D25B6233B372}.Release|Any CPU.ActiveCfg = Release|Any CPU
		{F5FBBE9E-D449-4BC3-BC5C-D25B6233B372}.Release|Any CPU.Build.0 = Release|Any CPU
		{550733D0-DA3D-4457-8323-914E002BED79}.Debug|Any CPU.ActiveCfg = Debug|Any CPU
		{550733D0-DA3D-4457-8323-914E002BED79}.Debug|Any CPU.Build.0 = Debug|Any CPU
		{550733D0-DA3D-4457-8323-914E002BED79}.Release|Any CPU.ActiveCfg = Release|Any CPU
		{550733D0-DA3D-4457-8323-914E002BED79}.Release|Any CPU.Build.0 = Release|Any CPU
		{B1436D3A-B227-416F-B9C7-540F3CF06846}.Debug|Any CPU.ActiveCfg = Debug|Any CPU
		{B1436D3A-B227-416F-B9C7-540F3CF06846}.Debug|Any CPU.Build.0 = Debug|Any CPU
		{B1436D3A-B227-416F-B9C7-540F3CF06846}.Release|Any CPU.ActiveCfg = Release|Any CPU
		{B1436D3A-B227-416F-B9C7-540F3CF06846}.Release|Any CPU.Build.0 = Release|Any CPU
		{BAD5A945-4419-434C-99E8-03349E62778D}.Debug|Any CPU.ActiveCfg = Debug|Any CPU
		{BAD5A945-4419-434C-99E8-03349E62778D}.Debug|Any CPU.Build.0 = Debug|Any CPU
		{BAD5A945-4419-434C-99E8-03349E62778D}.Release|Any CPU.ActiveCfg = Release|Any CPU
		{BAD5A945-4419-434C-99E8-03349E62778D}.Release|Any CPU.Build.0 = Release|Any CPU
	EndGlobalSection
	GlobalSection(SolutionProperties) = preSolution
		HideSolutionNode = FALSE
	EndGlobalSection
	GlobalSection(ExtensibilityGlobals) = postSolution
		SolutionGuid = {F172E3C3-97E5-486A-A755-3DE05964808D}
	EndGlobalSection
EndGlobal
